
Microsoft Visual Studio Solution File, Format Version 12.00
# Visual Studio Version 17
VisualStudioVersion = 17.12.35728.132
MinimumVisualStudioVersion = 10.0.40219.1
Project("{FAE04EC0-301F-11D3-BF4B-00C04F79EFBC}") = "FAST.FBasicInteractiveConsole", "FAST.FBasic.InteractiveConsole\FAST.FBasicInteractiveConsole.csproj", "{4351B36C-716B-4FBB-B2CA-201CBD0A0975}"
EndProject
Project("{FAE04EC0-301F-11D3-BF4B-00C04F79EFBC}") = "FAST.FBasicInterpreter", "FAST.FBasicInterpreter\FAST.FBasicInterpreter.csproj", "{30EEF832-C237-412F-AD85-D1ED11239FA6}"
EndProject
Project("{2150E333-8FDC-42A3-9474-1A3956D46DE8}") = "Solution Items", "Solution Items", "{6AC4C5FC-FC4A-4226-9CF5-6F455B869FCF}"
	ProjectSection(SolutionItems) = preProject
		LICENSE = LICENSE
		README.md = README.md
	EndProjectSection
EndProject
Project("{FAE04EC0-301F-11D3-BF4B-00C04F79EFBC}") = "FAST.FBasic.TemplatingLibrary", "FAST.FBasic.TemplatingLibrary\FAST.FBasic.TemplatingLibrary.csproj", "{31103751-3B1D-4639-B119-DE7AAACF6DE1}"
EndProject
Project("{FAE04EC0-301F-11D3-BF4B-00C04F79EFBC}") = "FAST.FBasic.LibraryToolkit", "FAST.FBasic.LibraryToolkit\FAST.FBasic.LibraryToolkit.csproj", "{04FDACC9-434A-42EB-AB55-4522CC8A859A}"
EndProject
Global
	GlobalSection(SolutionConfigurationPlatforms) = preSolution
		Debug|Any CPU = Debug|Any CPU
		Debug|x64 = Debug|x64
		Release|Any CPU = Release|Any CPU
		Release|x64 = Release|x64
	EndGlobalSection
	GlobalSection(ProjectConfigurationPlatforms) = postSolution
		{4351B36C-716B-4FBB-B2CA-201CBD0A0975}.Debug|Any CPU.ActiveCfg = Debug|Any CPU
		{4351B36C-716B-4FBB-B2CA-201CBD0A0975}.Debug|Any CPU.Build.0 = Debug|Any CPU
		{4351B36C-716B-4FBB-B2CA-201CBD0A0975}.Debug|x64.ActiveCfg = Debug|x64
		{4351B36C-716B-4FBB-B2CA-201CBD0A0975}.Debug|x64.Build.0 = Debug|x64
		{4351B36C-716B-4FBB-B2CA-201CBD0A0975}.Release|Any CPU.ActiveCfg = Release|Any CPU
		{4351B36C-716B-4FBB-B2CA-201CBD0A0975}.Release|Any CPU.Build.0 = Release|Any CPU
		{4351B36C-716B-4FBB-B2CA-201CBD0A0975}.Release|x64.ActiveCfg = Release|x64
		{4351B36C-716B-4FBB-B2CA-201CBD0A0975}.Release|x64.Build.0 = Release|x64
		{30EEF832-C237-412F-AD85-D1ED11239FA6}.Debug|Any CPU.ActiveCfg = Debug|Any CPU
		{30EEF832-C237-412F-AD85-D1ED11239FA6}.Debug|Any CPU.Build.0 = Debug|Any CPU
		{30EEF832-C237-412F-AD85-D1ED11239FA6}.Debug|x64.ActiveCfg = Debug|Any CPU
		{30EEF832-C237-412F-AD85-D1ED11239FA6}.Debug|x64.Build.0 = Debug|Any CPU
		{30EEF832-C237-412F-AD85-D1ED11239FA6}.Release|Any CPU.ActiveCfg = Release|Any CPU
		{30EEF832-C237-412F-AD85-D1ED11239FA6}.Release|Any CPU.Build.0 = Release|Any CPU
		{30EEF832-C237-412F-AD85-D1ED11239FA6}.Release|x64.ActiveCfg = Release|x64
		{30EEF832-C237-412F-AD85-D1ED11239FA6}.Release|x64.Build.0 = Release|x64
		{31103751-3B1D-4639-B119-DE7AAACF6DE1}.Debug|Any CPU.ActiveCfg = Debug|Any CPU
		{31103751-3B1D-4639-B119-DE7AAACF6DE1}.Debug|Any CPU.Build.0 = Debug|Any CPU
		{31103751-3B1D-4639-B119-DE7AAACF6DE1}.Debug|x64.ActiveCfg = Debug|Any CPU
		{31103751-3B1D-4639-B119-DE7AAACF6DE1}.Debug|x64.Build.0 = Debug|Any CPU
		{31103751-3B1D-4639-B119-DE7AAACF6DE1}.Release|Any CPU.ActiveCfg = Release|Any CPU
		{31103751-3B1D-4639-B119-DE7AAACF6DE1}.Release|Any CPU.Build.0 = Release|Any CPU
		{31103751-3B1D-4639-B119-DE7AAACF6DE1}.Release|x64.ActiveCfg = Release|x64
		{31103751-3B1D-4639-B119-DE7AAACF6DE1}.Release|x64.Build.0 = Release|x64
		{04FDACC9-434A-42EB-AB55-4522CC8A859A}.Debug|Any CPU.ActiveCfg = Debug|Any CPU
		{04FDACC9-434A-42EB-AB55-4522CC8A859A}.Debug|Any CPU.Build.0 = Debug|Any CPU
		{04FDACC9-434A-42EB-AB55-4522CC8A859A}.Debug|x64.ActiveCfg = Debug|Any CPU
		{04FDACC9-434A-42EB-AB55-4522CC8A859A}.Debug|x64.Build.0 = Debug|Any CPU
		{04FDACC9-434A-42EB-AB55-4522CC8A859A}.Release|Any CPU.ActiveCfg = Release|Any CPU
		{04FDACC9-434A-42EB-AB55-4522CC8A859A}.Release|Any CPU.Build.0 = Release|Any CPU
		{04FDACC9-434A-42EB-AB55-4522CC8A859A}.Release|x64.ActiveCfg = Release|x64
		{04FDACC9-434A-42EB-AB55-4522CC8A859A}.Release|x64.Build.0 = Release|x64
	EndGlobalSection
	GlobalSection(SolutionProperties) = preSolution
		HideSolutionNode = FALSE
	EndGlobalSection
	GlobalSection(ExtensibilityGlobals) = postSolution
		SolutionGuid = {C689E4DC-D64E-41F8-9D96-BE617C233E66}
	EndGlobalSection
EndGlobal
